
Microsoft Visual Studio Solution File, Format Version 12.00
# Visual Studio Version 16
VisualStudioVersion = 16.0.29001.49
MinimumVisualStudioVersion = 10.0.40219.1
Project("{FAE04EC0-301F-11D3-BF4B-00C04F79EFBC}") = "CalculatorO", "CalculatorO\CalculatorO.csproj", "{FF991A0C-741F-4A99-9EC9-8EFAB2F11552}"
EndProject
Global
	GlobalSection(SolutionConfigurationPlatforms) = preSolution
		Debug|Any CPU = Debug|Any CPU
		Release|Any CPU = Release|Any CPU
	EndGlobalSection
	GlobalSection(ProjectConfigurationPlatforms) = postSolution
		{FF991A0C-741F-4A99-9EC9-8EFAB2F11552}.Debug|Any CPU.ActiveCfg = Debug|Any CPU
		{FF991A0C-741F-4A99-9EC9-8EFAB2F11552}.Debug|Any CPU.Build.0 = Debug|Any CPU
		{FF991A0C-741F-4A99-9EC9-8EFAB2F11552}.Release|Any CPU.ActiveCfg = Release|Any CPU
		{FF991A0C-741F-4A99-9EC9-8EFAB2F11552}.Release|Any CPU.Build.0 = Release|Any CPU
	EndGlobalSection
	GlobalSection(SolutionProperties) = preSolution
		HideSolutionNode = FALSE
	EndGlobalSection
	GlobalSection(ExtensibilityGlobals) = postSolution
		SolutionGuid = {C65DF5CA-5FAD-46FC-B24C-946B11975A8F}
	EndGlobalSection
EndGlobal
