
Microsoft Visual Studio Solution File, Format Version 12.00
# Visual Studio 15
VisualStudioVersion = 15.0.27703.2042
MinimumVisualStudioVersion = 10.0.40219.1
Project("{FAE04EC0-301F-11D3-BF4B-00C04F79EFBC}") = "Calculator_OOP", "Calculator_OOP\Calculator_OOP.csproj", "{683EB9E6-47E2-48D2-A66F-749E4AA69C40}"
EndProject
Global
	GlobalSection(SolutionConfigurationPlatforms) = preSolution
		Debug|Any CPU = Debug|Any CPU
		Release|Any CPU = Release|Any CPU
	EndGlobalSection
	GlobalSection(ProjectConfigurationPlatforms) = postSolution
		{683EB9E6-47E2-48D2-A66F-749E4AA69C40}.Debug|Any CPU.ActiveCfg = Debug|Any CPU
		{683EB9E6-47E2-48D2-A66F-749E4AA69C40}.Debug|Any CPU.Build.0 = Debug|Any CPU
		{683EB9E6-47E2-48D2-A66F-749E4AA69C40}.Release|Any CPU.ActiveCfg = Release|Any CPU
		{683EB9E6-47E2-48D2-A66F-749E4AA69C40}.Release|Any CPU.Build.0 = Release|Any CPU
	EndGlobalSection
	GlobalSection(SolutionProperties) = preSolution
		HideSolutionNode = FALSE
	EndGlobalSection
	GlobalSection(ExtensibilityGlobals) = postSolution
		SolutionGuid = {A85005C5-E602-4044-9DDE-5A582B85CC74}
	EndGlobalSection
EndGlobal
