
Microsoft Visual Studio Solution File, Format Version 12.00
# Visual Studio 15
VisualStudioVersion = 15.0.27428.2037
MinimumVisualStudioVersion = 10.0.40219.1
Project("{FAE04EC0-301F-11D3-BF4B-00C04F79EFBC}") = "Part 2 Task 1", "Part 2 Task 1\Part 2 Task 1.csproj", "{2E3D6AEB-2EB9-4475-809F-F36743E3E9D9}"
EndProject
Global
	GlobalSection(SolutionConfigurationPlatforms) = preSolution
		Debug|Any CPU = Debug|Any CPU
		Release|Any CPU = Release|Any CPU
	EndGlobalSection
	GlobalSection(ProjectConfigurationPlatforms) = postSolution
		{2E3D6AEB-2EB9-4475-809F-F36743E3E9D9}.Debug|Any CPU.ActiveCfg = Debug|Any CPU
		{2E3D6AEB-2EB9-4475-809F-F36743E3E9D9}.Debug|Any CPU.Build.0 = Debug|Any CPU
		{2E3D6AEB-2EB9-4475-809F-F36743E3E9D9}.Release|Any CPU.ActiveCfg = Release|Any CPU
		{2E3D6AEB-2EB9-4475-809F-F36743E3E9D9}.Release|Any CPU.Build.0 = Release|Any CPU
	EndGlobalSection
	GlobalSection(SolutionProperties) = preSolution
		HideSolutionNode = FALSE
	EndGlobalSection
	GlobalSection(ExtensibilityGlobals) = postSolution
		SolutionGuid = {5F4C0009-F0F5-4E51-AA93-7DD66286AF5C}
	EndGlobalSection
EndGlobal
